
Microsoft Visual Studio Solution File, Format Version 12.00
# Visual Studio Version 16
VisualStudioVersion = 16.0.31624.102
MinimumVisualStudioVersion = 10.0.40219.1
Project("{8BC9CEB8-8B4A-11D0-8D11-00A0C91BC942}") = "v0.2", "v0.2\v0.2.vcxproj", "{3995BD6C-555B-4FCF-82B7-C2AF82A4EB8B}"
EndProject
Project("{2150E333-8FDC-42A3-9474-1A3956D46DE8}") = "Solution Items", "Solution Items", "{BA044D75-874B-4B18-B529-E1414B493C79}"
	ProjectSection(SolutionItems) = preProject
		kursiokai.txt = kursiokai.txt
	EndProjectSection
EndProject
Global
	GlobalSection(SolutionConfigurationPlatforms) = preSolution
		Debug|x64 = Debug|x64
		Debug|x86 = Debug|x86
		Release|x64 = Release|x64
		Release|x86 = Release|x86
	EndGlobalSection
	GlobalSection(ProjectConfigurationPlatforms) = postSolution
		{3995BD6C-555B-4FCF-82B7-C2AF82A4EB8B}.Debug|x64.ActiveCfg = Debug|x64
		{3995BD6C-555B-4FCF-82B7-C2AF82A4EB8B}.Debug|x64.Build.0 = Debug|x64
		{3995BD6C-555B-4FCF-82B7-C2AF82A4EB8B}.Debug|x86.ActiveCfg = Debug|Win32
		{3995BD6C-555B-4FCF-82B7-C2AF82A4EB8B}.Debug|x86.Build.0 = Debug|Win32
		{3995BD6C-555B-4FCF-82B7-C2AF82A4EB8B}.Release|x64.ActiveCfg = Release|x64
		{3995BD6C-555B-4FCF-82B7-C2AF82A4EB8B}.Release|x64.Build.0 = Release|x64
		{3995BD6C-555B-4FCF-82B7-C2AF82A4EB8B}.Release|x86.ActiveCfg = Release|Win32
		{3995BD6C-555B-4FCF-82B7-C2AF82A4EB8B}.Release|x86.Build.0 = Release|Win32
	EndGlobalSection
	GlobalSection(SolutionProperties) = preSolution
		HideSolutionNode = FALSE
	EndGlobalSection
	GlobalSection(ExtensibilityGlobals) = postSolution
		SolutionGuid = {0C3148C8-AF39-4D4B-BF90-A343F3EB1350}
	EndGlobalSection
EndGlobal
